
Microsoft Visual Studio Solution File, Format Version 12.00
# Visual Studio Version 17
VisualStudioVersion = 17.10.34916.146
MinimumVisualStudioVersion = 10.0.40219.1
Project("{9A19103F-16F7-4668-BE54-9A1E7A4F7556}") = "SimoneAPI", "SimoneAPI\SimoneAPI.csproj", "{7B538C03-AF22-46DA-9AE7-B19D8441D23D}"
EndProject
Project("{9A19103F-16F7-4668-BE54-9A1E7A4F7556}") = "SimoneTestProject", "SimoneTestProject\SimoneTestProject.csproj", "{48E5FAE3-9001-4CBC-B8EC-0AF34129C4CB}"
EndProject
Project("{9A19103F-16F7-4668-BE54-9A1E7A4F7556}") = "SimoneMaui", "SimoneMaui\SimoneMaui.csproj", "{EFF176FF-93F5-44F1-9099-1FE3E3C49584}"
EndProject
Project("{FAE04EC0-301F-11D3-BF4B-00C04F79EFBC}") = "SimoneBlazor", "SimoneBlazor\SimoneBlazor.csproj", "{034E4B06-3F81-4071-8648-C517C2D7D12E}"
EndProject
Global
	GlobalSection(SolutionConfigurationPlatforms) = preSolution
		Debug|Any CPU = Debug|Any CPU
		Release|Any CPU = Release|Any CPU
	EndGlobalSection
	GlobalSection(ProjectConfigurationPlatforms) = postSolution
		{7B538C03-AF22-46DA-9AE7-B19D8441D23D}.Debug|Any CPU.ActiveCfg = Debug|Any CPU
		{7B538C03-AF22-46DA-9AE7-B19D8441D23D}.Debug|Any CPU.Build.0 = Debug|Any CPU
		{7B538C03-AF22-46DA-9AE7-B19D8441D23D}.Release|Any CPU.ActiveCfg = Release|Any CPU
		{7B538C03-AF22-46DA-9AE7-B19D8441D23D}.Release|Any CPU.Build.0 = Release|Any CPU
		{48E5FAE3-9001-4CBC-B8EC-0AF34129C4CB}.Debug|Any CPU.ActiveCfg = Debug|Any CPU
		{48E5FAE3-9001-4CBC-B8EC-0AF34129C4CB}.Debug|Any CPU.Build.0 = Debug|Any CPU
		{48E5FAE3-9001-4CBC-B8EC-0AF34129C4CB}.Release|Any CPU.ActiveCfg = Release|Any CPU
		{48E5FAE3-9001-4CBC-B8EC-0AF34129C4CB}.Release|Any CPU.Build.0 = Release|Any CPU
		{EFF176FF-93F5-44F1-9099-1FE3E3C49584}.Debug|Any CPU.ActiveCfg = Debug|Any CPU
		{EFF176FF-93F5-44F1-9099-1FE3E3C49584}.Debug|Any CPU.Build.0 = Debug|Any CPU
		{EFF176FF-93F5-44F1-9099-1FE3E3C49584}.Debug|Any CPU.Deploy.0 = Debug|Any CPU
		{EFF176FF-93F5-44F1-9099-1FE3E3C49584}.Release|Any CPU.ActiveCfg = Release|Any CPU
		{EFF176FF-93F5-44F1-9099-1FE3E3C49584}.Release|Any CPU.Build.0 = Release|Any CPU
		{EFF176FF-93F5-44F1-9099-1FE3E3C49584}.Release|Any CPU.Deploy.0 = Release|Any CPU
		{034E4B06-3F81-4071-8648-C517C2D7D12E}.Debug|Any CPU.ActiveCfg = Debug|Any CPU
		{034E4B06-3F81-4071-8648-C517C2D7D12E}.Debug|Any CPU.Build.0 = Debug|Any CPU
		{034E4B06-3F81-4071-8648-C517C2D7D12E}.Release|Any CPU.ActiveCfg = Release|Any CPU
		{034E4B06-3F81-4071-8648-C517C2D7D12E}.Release|Any CPU.Build.0 = Release|Any CPU
	EndGlobalSection
	GlobalSection(SolutionProperties) = preSolution
		HideSolutionNode = FALSE
	EndGlobalSection
	GlobalSection(ExtensibilityGlobals) = postSolution
		SolutionGuid = {5DB1E45C-A951-45C3-BBCC-88532B03F7FF}
	EndGlobalSection
EndGlobal
